
Microsoft Visual Studio Solution File, Format Version 12.00
# Visual Studio Version 17
VisualStudioVersion = 17.12.35707.178 d17.12
MinimumVisualStudioVersion = 10.0.40219.1
Project("{FAE04EC0-301F-11D3-BF4B-00C04F79EFBC}") = "WpfControls", "WpfControls\WpfControls.csproj", "{AFD89993-31DA-475B-8DBB-A88630D5BCEA}"
EndProject
Global
	GlobalSection(SolutionConfigurationPlatforms) = preSolution
		Debug|Any CPU = Debug|Any CPU
		Release|Any CPU = Release|Any CPU
	EndGlobalSection
	GlobalSection(ProjectConfigurationPlatforms) = postSolution
		{AFD89993-31DA-475B-8DBB-A88630D5BCEA}.Debug|Any CPU.ActiveCfg = Debug|Any CPU
		{AFD89993-31DA-475B-8DBB-A88630D5BCEA}.Debug|Any CPU.Build.0 = Debug|Any CPU
		{AFD89993-31DA-475B-8DBB-A88630D5BCEA}.Release|Any CPU.ActiveCfg = Release|Any CPU
		{AFD89993-31DA-475B-8DBB-A88630D5BCEA}.Release|Any CPU.Build.0 = Release|Any CPU
	EndGlobalSection
	GlobalSection(SolutionProperties) = preSolution
		HideSolutionNode = FALSE
	EndGlobalSection
EndGlobal
